
Microsoft Visual Studio Solution File, Format Version 12.00
# Visual Studio Version 17
VisualStudioVersion = 17.1.32328.378
MinimumVisualStudioVersion = 10.0.40219.1
Project("{FAE04EC0-301F-11D3-BF4B-00C04F79EFBC}") = "BulkyBookWeb", "BulkyBookWeb\BulkyBookWeb.csproj", "{28806528-7345-4DD9-BFF8-9A0D2D930416}"
EndProject
Global
	GlobalSection(SolutionConfigurationPlatforms) = preSolution
		Debug|Any CPU = Debug|Any CPU
		Release|Any CPU = Release|Any CPU
	EndGlobalSection
	GlobalSection(ProjectConfigurationPlatforms) = postSolution
		{28806528-7345-4DD9-BFF8-9A0D2D930416}.Debug|Any CPU.ActiveCfg = Debug|Any CPU
		{28806528-7345-4DD9-BFF8-9A0D2D930416}.Debug|Any CPU.Build.0 = Debug|Any CPU
		{28806528-7345-4DD9-BFF8-9A0D2D930416}.Release|Any CPU.ActiveCfg = Release|Any CPU
		{28806528-7345-4DD9-BFF8-9A0D2D930416}.Release|Any CPU.Build.0 = Release|Any CPU
	EndGlobalSection
	GlobalSection(SolutionProperties) = preSolution
		HideSolutionNode = FALSE
	EndGlobalSection
	GlobalSection(ExtensibilityGlobals) = postSolution
		SolutionGuid = {F7AE08C9-072B-4B21-981C-DE9F455B1C8A}
	EndGlobalSection
EndGlobal
